// !$*UTF8*$!
{
	archiveVersion = 1;
	classes = {
	};
	objectVersion = 48;
	objects = {

/* Begin PBXBuildFile section */
		10F54D92214C416300D8AF7B /* AppDelegate.swift in Sources */ = {isa = PBXBuildFile; fileRef = 10F54D91214C416300D8AF7B /* AppDelegate.swift */; };
		10F54D94214C416300D8AF7B /* ViewController.swift in Sources */ = {isa = PBXBuildFile; fileRef = 10F54D93214C416300D8AF7B /* ViewController.swift */; };
		10F54D97214C416300D8AF7B /* Main.storyboard in Resources */ = {isa = PBXBuildFile; fileRef = 10F54D95214C416300D8AF7B /* Main.storyboard */; };
		10F54D99214C416300D8AF7B /* Assets.xcassets in Resources */ = {isa = PBXBuildFile; fileRef = 10F54D98214C416300D8AF7B /* Assets.xcassets */; };
		10F54D9C214C416300D8AF7B /* LaunchScreen.storyboard in Resources */ = {isa = PBXBuildFile; fileRef = 10F54D9A214C416300D8AF7B /* LaunchScreen.storyboard */; };
		10F54DA7214C416400D8AF7B /* HelloWorldTests.swift in Sources */ = {isa = PBXBuildFile; fileRef = 10F54DA6214C416400D8AF7B /* HelloWorldTests.swift */; };
		10F54DB2214C416400D8AF7B /* HelloWorldUITests.swift in Sources */ = {isa = PBXBuildFile; fileRef = 10F54DB1214C416400D8AF7B /* HelloWorldUITests.swift */; };
/* End PBXBuildFile section */

/* Begin PBXContainerItemProxy section */
		10F54DA3214C416400D8AF7B /* PBXContainerItemProxy */ = {
			isa = PBXContainerItemProxy;
			containerPortal = 10F54D86214C416300D8AF7B /* Project object */;
			proxyType = 1;
			remoteGlobalIDString = 10F54D8D214C416300D8AF7B;
			remoteInfo = HelloWorld;
		};
		10F54DAE214C416400D8AF7B /* PBXContainerItemProxy */ = {
			isa = PBXContainerItemProxy;
			containerPortal = 10F54D86214C416300D8AF7B /* Project object */;
			proxyType = 1;
			remoteGlobalIDString = 10F54D8D214C416300D8AF7B;
			remoteInfo = HelloWorld;
		};
/* End PBXContainerItemProxy section */

/* Begin PBXFileReference section */
		10F54D8E214C416300D8AF7B /* HelloWorld.app */ = {isa = PBXFileReference; explicitFileType = wrapper.application; includeInIndex = 0; path = HelloWorld.app; sourceTree = BUILT_PRODUCTS_DIR; };
		10F54D91214C416300D8AF7B /* AppDelegate.swift */ = {isa = PBXFileReference; lastKnownFileType = sourcecode.swift; path = AppDelegate.swift; sourceTree = "<group>"; };
		10F54D93214C416300D8AF7B /* ViewController.swift */ = {isa = PBXFileReference; lastKnownFileType = sourcecode.swift; path = ViewController.swift; sourceTree = "<group>"; };
		10F54D96214C416300D8AF7B /* Base */ = {isa = PBXFileReference; lastKnownFileType = file.storyboard; name = Base; path = Base.lproj/Main.storyboard; sourceTree = "<group>"; };
		10F54D98214C416300D8AF7B /* Assets.xcassets */ = {isa = PBXFileReference; lastKnownFileType = folder.assetcatalog; path = Assets.xcassets; sourceTree = "<group>"; };
		10F54D9B214C416300D8AF7B /* Base */ = {isa = PBXFileReference; lastKnownFileType = file.storyboard; name = Base; path = Base.lproj/LaunchScreen.storyboard; sourceTree = "<group>"; };
		10F54D9D214C416300D8AF7B /* Info.plist */ = {isa = PBXFileReference; lastKnownFileType = text.plist.xml; path = Info.plist; sourceTree = "<group>"; };
		10F54DA2214C416400D8AF7B /* HelloWorldTests.xctest */ = {isa = PBXFileReference; explicitFileType = wrapper.cfbundle; includeInIndex = 0; path = HelloWorldTests.xctest; sourceTree = BUILT_PRODUCTS_DIR; };
		10F54DA6214C416400D8AF7B /* HelloWorldTests.swift */ = {isa = PBXFileReference; lastKnownFileType = sourcecode.swift; path = HelloWorldTests.swift; sourceTree = "<group>"; };
		10F54DA8214C416400D8AF7B /* Info.plist */ = {isa = PBXFileReference; lastKnownFileType = text.plist.xml; path = Info.plist; sourceTree = "<group>"; };
		10F54DAD214C416400D8AF7B /* HelloWorldUITests.xctest */ = {isa = PBXFileReference; explicitFileType = wrapper.cfbundle; includeInIndex = 0; path = HelloWorldUITests.xctest; sourceTree = BUILT_PRODUCTS_DIR; };
		10F54DB1214C416400D8AF7B /* HelloWorldUITests.swift */ = {isa = PBXFileReference; lastKnownFileType = sourcecode.swift; path = HelloWorldUITests.swift; sourceTree = "<group>"; };
		10F54DB3214C416400D8AF7B /* Info.plist */ = {isa = PBXFileReference; lastKnownFileType = text.plist.xml; path = Info.plist; sourceTree = "<group>"; };
/* End PBXFileReference section */

/* Begin PBXFrameworksBuildPhase section */
		10F54D8B214C416300D8AF7B /* Frameworks */ = {
			isa = PBXFrameworksBuildPhase;
			buildActionMask = 2147483647;
			files = (
			);
			runOnlyForDeploymentPostprocessing = 0;
		};
		10F54D9F214C416400D8AF7B /* Frameworks */ = {
			isa = PBXFrameworksBuildPhase;
			buildActionMask = 2147483647;
			files = (
			);
			runOnlyForDeploymentPostprocessing = 0;
		};
		10F54DAA214C416400D8AF7B /* Frameworks */ = {
			isa = PBXFrameworksBuildPhase;
			buildActionMask = 2147483647;
			files = (
			);
			runOnlyForDeploymentPostprocessing = 0;
		};
/* End PBXFrameworksBuildPhase section */

/* Begin PBXGroup section */
		10F54D85214C416300D8AF7B = {
			isa = PBXGroup;
			children = (
				10F54D90214C416300D8AF7B /* HelloWorld */,
				10F54DA5214C416400D8AF7B /* HelloWorldTests */,
				10F54DB0214C416400D8AF7B /* HelloWorldUITests */,
				10F54D8F214C416300D8AF7B /* Products */,
			);
			sourceTree = "<group>";
		};
		10F54D8F214C416300D8AF7B /* Products */ = {
			isa = PBXGroup;
			children = (
				10F54D8E214C416300D8AF7B /* HelloWorld.app */,
				10F54DA2214C416400D8AF7B /* HelloWorldTests.xctest */,
				10F54DAD214C416400D8AF7B /* HelloWorldUITests.xctest */,
			);
			name = Products;
			sourceTree = "<group>";
		};
		10F54D90214C416300D8AF7B /* HelloWorld */ = {
			isa = PBXGroup;
			children = (
				10F54D91214C416300D8AF7B /* AppDelegate.swift */,
				10F54D93214C416300D8AF7B /* ViewController.swift */,
				10F54D95214C416300D8AF7B /* Main.storyboard */,
				10F54D98214C416300D8AF7B /* Assets.xcassets */,
				10F54D9A214C416300D8AF7B /* LaunchScreen.storyboard */,
				10F54D9D214C416300D8AF7B /* Info.plist */,
			);
			path = HelloWorld;
			sourceTree = "<group>";
		};
		10F54DA5214C416400D8AF7B /* HelloWorldTests */ = {
			isa = PBXGroup;
			children = (
				10F54DA6214C416400D8AF7B /* HelloWorldTests.swift */,
				10F54DA8214C416400D8AF7B /* Info.plist */,
			);
			path = HelloWorldTests;
			sourceTree = "<group>";
		};
		10F54DB0214C416400D8AF7B /* HelloWorldUITests */ = {
			isa = PBXGroup;
			children = (
				10F54DB1214C416400D8AF7B /* HelloWorldUITests.swift */,
				10F54DB3214C416400D8AF7B /* Info.plist */,
			);
			path = HelloWorldUITests;
			sourceTree = "<group>";
		};
/* End PBXGroup section */

/* Begin PBXNativeTarget section */
		10F54D8D214C416300D8AF7B /* HelloWorld */ = {
			isa = PBXNativeTarget;
			buildConfigurationList = 10F54DB6214C416400D8AF7B /* Build configuration list for PBXNativeTarget "HelloWorld" */;
			buildPhases = (
				10F54D8A214C416300D8AF7B /* Sources */,
				10F54D8B214C416300D8AF7B /* Frameworks */,
				10F54D8C214C416300D8AF7B /* Resources */,
			);
			buildRules = (
			);
			dependencies = (
			);
			name = HelloWorld;
			productName = HelloWorld;
			productReference = 10F54D8E214C416300D8AF7B /* HelloWorld.app */;
			productType = "com.apple.product-type.application";
		};
		10F54DA1214C416400D8AF7B /* HelloWorldTests */ = {
			isa = PBXNativeTarget;
			buildConfigurationList = 10F54DB9214C416400D8AF7B /* Build configuration list for PBXNativeTarget "HelloWorldTests" */;
			buildPhases = (
				10F54D9E214C416400D8AF7B /* Sources */,
				10F54D9F214C416400D8AF7B /* Frameworks */,
				10F54DA0214C416400D8AF7B /* Resources */,
			);
			buildRules = (
			);
			dependencies = (
				10F54DA4214C416400D8AF7B /* PBXTargetDependency */,
			);
			name = HelloWorldTests;
			productName = HelloWorldTests;
			productReference = 10F54DA2214C416400D8AF7B /* HelloWorldTests.xctest */;
			productType = "com.apple.product-type.bundle.unit-test";
		};
		10F54DAC214C416400D8AF7B /* HelloWorldUITests */ = {
			isa = PBXNativeTarget;
			buildConfigurationList = 10F54DBC214C416400D8AF7B /* Build configuration list for PBXNativeTarget "HelloWorldUITests" */;
			buildPhases = (
				10F54DA9214C416400D8AF7B /* Sources */,
				10F54DAA214C416400D8AF7B /* Frameworks */,
				10F54DAB214C416400D8AF7B /* Resources */,
			);
			buildRules = (
			);
			dependencies = (
				10F54DAF214C416400D8AF7B /* PBXTargetDependency */,
			);
			name = HelloWorldUITests;
			productName = HelloWorldUITests;
			productReference = 10F54DAD214C416400D8AF7B /* HelloWorldUITests.xctest */;
			productType = "com.apple.product-type.bundle.ui-testing";
		};
/* End PBXNativeTarget section */

/* Begin PBXProject section */
		10F54D86214C416300D8AF7B /* Project object */ = {
			isa = PBXProject;
			attributes = {
				LastSwiftUpdateCheck = 0920;
				LastUpgradeCheck = 0920;
				ORGANIZATIONNAME = "Boubacar Diallo";
				TargetAttributes = {
					10F54D8D214C416300D8AF7B = {
						CreatedOnToolsVersion = 9.2;
						ProvisioningStyle = Automatic;
					};
					10F54DA1214C416400D8AF7B = {
						CreatedOnToolsVersion = 9.2;
						ProvisioningStyle = Automatic;
						TestTargetID = 10F54D8D214C416300D8AF7B;
					};
					10F54DAC214C416400D8AF7B = {
						CreatedOnToolsVersion = 9.2;
						ProvisioningStyle = Automatic;
						TestTargetID = 10F54D8D214C416300D8AF7B;
					};
				};
			};
			buildConfigurationList = 10F54D89214C416300D8AF7B /* Build configuration list for PBXProject "HelloWorld" */;
			compatibilityVersion = "Xcode 8.0";
			developmentRegion = en;
			hasScannedForEncodings = 0;
			knownRegions = (
				en,
				Base,
			);
			mainGroup = 10F54D85214C416300D8AF7B;
			productRefGroup = 10F54D8F214C416300D8AF7B /* Products */;
			projectDirPath = "";
			projectRoot = "";
			targets = (
				10F54D8D214C416300D8AF7B /* HelloWorld */,
				10F54DA1214C416400D8AF7B /* HelloWorldTests */,
				10F54DAC214C416400D8AF7B /* HelloWorldUITests */,
			);
		};
/* End PBXProject section */

/* Begin PBXResourcesBuildPhase section */
		10F54D8C214C416300D8AF7B /* Resources */ = {
			isa = PBXResourcesBuildPhase;
			buildActionMask = 2147483647;
			files = (
				10F54D9C214C416300D8AF7B /* LaunchScreen.storyboard in Resources */,
				10F54D99214C416300D8AF7B /* Assets.xcassets in Resources */,
				10F54D97214C416300D8AF7B /* Main.storyboard in Resources */,
			);
			runOnlyForDeploymentPostprocessing = 0;
		};
		10F54DA0214C416400D8AF7B /* Resources */ = {
			isa = PBXResourcesBuildPhase;
			buildActionMask = 2147483647;
			files = (
			);
			runOnlyForDeploymentPostprocessing = 0;
		};
		10F54DAB214C416400D8AF7B /* Resources */ = {
			isa = PBXResourcesBuildPhase;
			buildActionMask = 2147483647;
			files = (
			);
			runOnlyForDeploymentPostprocessing = 0;
		};
/* End PBXResourcesBuildPhase section */

/* Begin PBXSourcesBuildPhase section */
		10F54D8A214C416300D8AF7B /* Sources */ = {
			isa = PBXSourcesBuildPhase;
			buildActionMask = 2147483647;
			files = (
				10F54D94214C416300D8AF7B /* ViewController.swift in Sources */,
				10F54D92214C416300D8AF7B /* AppDelegate.swift in Sources */,
			);
			runOnlyForDeploymentPostprocessing = 0;
		};
		10F54D9E214C416400D8AF7B /* Sources */ = {
			isa = PBXSourcesBuildPhase;
			buildActionMask = 2147483647;
			files = (
				10F54DA7214C416400D8AF7B /* HelloWorldTests.swift in Sources */,
			);
			runOnlyForDeploymentPostprocessing = 0;
		};
		10F54DA9214C416400D8AF7B /* Sources */ = {
			isa = PBXSourcesBuildPhase;
			buildActionMask = 2147483647;
			files = (
				10F54DB2214C416400D8AF7B /* HelloWorldUITests.swift in Sources */,
			);
			runOnlyForDeploymentPostprocessing = 0;
		};
/* End PBXSourcesBuildPhase section */

/* Begin PBXTargetDependency section */
		10F54DA4214C416400D8AF7B /* PBXTargetDependency */ = {
			isa = PBXTargetDependency;
			target = 10F54D8D214C416300D8AF7B /* HelloWorld */;
			targetProxy = 10F54DA3214C416400D8AF7B /* PBXContainerItemProxy */;
		};
		10F54DAF214C416400D8AF7B /* PBXTargetDependency */ = {
			isa = PBXTargetDependency;
			target = 10F54D8D214C416300D8AF7B /* HelloWorld */;
			targetProxy = 10F54DAE214C416400D8AF7B /* PBXContainerItemProxy */;
		};
/* End PBXTargetDependency section */

/* Begin PBXVariantGroup section */
		10F54D95214C416300D8AF7B /* Main.storyboard */ = {
			isa = PBXVariantGroup;
			children = (
				10F54D96214C416300D8AF7B /* Base */,
			);
			name = Main.storyboard;
			sourceTree = "<group>";
		};
		10F54D9A214C416300D8AF7B /* LaunchScreen.storyboard */ = {
			isa = PBXVariantGroup;
			children = (
				10F54D9B214C416300D8AF7B /* Base */,
			);
			name = LaunchScreen.storyboard;
			sourceTree = "<group>";
		};
/* End PBXVariantGroup section */

/* Begin XCBuildConfiguration section */
		10F54DB4214C416400D8AF7B /* Debug */ = {
			isa = XCBuildConfiguration;
			buildSettings = {
				ALWAYS_SEARCH_USER_PATHS = NO;
				CLANG_ANALYZER_NONNULL = YES;
				CLANG_ANALYZER_NUMBER_OBJECT_CONVERSION = YES_AGGRESSIVE;
				CLANG_CXX_LANGUAGE_STANDARD = "gnu++14";
				CLANG_CXX_LIBRARY = "libc++";
				CLANG_ENABLE_MODULES = YES;
				CLANG_ENABLE_OBJC_ARC = YES;
				CLANG_WARN_BLOCK_CAPTURE_AUTORELEASING = YES;
				CLANG_WARN_BOOL_CONVERSION = YES;
				CLANG_WARN_COMMA = YES;
				CLANG_WARN_CONSTANT_CONVERSION = YES;
				CLANG_WARN_DIRECT_OBJC_ISA_USAGE = YES_ERROR;
				CLANG_WARN_DOCUMENTATION_COMMENTS = YES;
				CLANG_WARN_EMPTY_BODY = YES;
				CLANG_WARN_ENUM_CONVERSION = YES;
				CLANG_WARN_INFINITE_RECURSION = YES;
				CLANG_WARN_INT_CONVERSION = YES;
				CLANG_WARN_NON_LITERAL_NULL_CONVERSION = YES;
				CLANG_WARN_OBJC_LITERAL_CONVERSION = YES;
				CLANG_WARN_OBJC_ROOT_CLASS = YES_ERROR;
				CLANG_WARN_RANGE_LOOP_ANALYSIS = YES;
				CLANG_WARN_STRICT_PROTOTYPES = YES;
				CLANG_WARN_SUSPICIOUS_MOVE = YES;
				CLANG_WARN_UNGUARDED_AVAILABILITY = YES_AGGRESSIVE;
				CLANG_WARN_UNREACHABLE_CODE = YES;
				CLANG_WARN__DUPLICATE_METHOD_MATCH = YES;
				CODE_SIGN_IDENTITY = "iPhone Developer";
				COPY_PHASE_STRIP = NO;
				DEBUG_INFORMATION_FORMAT = dwarf;
				ENABLE_STRICT_OBJC_MSGSEND = YES;
				ENABLE_TESTABILITY = YES;
				GCC_C_LANGUAGE_STANDARD = gnu11;
				GCC_DYNAMIC_NO_PIC = NO;
				GCC_NO_COMMON_BLOCKS = YES;
				GCC_OPTIMIZATION_LEVEL = 0;
				GCC_PREPROCESSOR_DEFINITIONS = (
					"DEBUG=1",
					"$(inherited)",
				);
				GCC_WARN_64_TO_32_BIT_CONVERSION = YES;
				GCC_WARN_ABOUT_RETURN_TYPE = YES_ERROR;
				GCC_WARN_UNDECLARED_SELECTOR = YES;
				GCC_WARN_UNINITIALIZED_AUTOS = YES_AGGRESSIVE;
				GCC_WARN_UNUSED_FUNCTION = YES;
				GCC_WARN_UNUSED_VARIABLE = YES;
				IPHONEOS_DEPLOYMENT_TARGET = 11.2;
				MTL_ENABLE_DEBUG_INFO = YES;
				ONLY_ACTIVE_ARCH = YES;
				SDKROOT = iphoneos;
				SWIFT_ACTIVE_COMPILATION_CONDITIONS = DEBUG;
				SWIFT_OPTIMIZATION_LEVEL = "-Onone";
			};
			name = Debug;
		};
		10F54DB5214C416400D8AF7B /* Release */ = {
			isa = XCBuildConfiguration;
			buildSettings = {
				ALWAYS_SEARCH_USER_PATHS = NO;
				CLANG_ANALYZER_NONNULL = YES;
				CLANG_ANALYZER_NUMBER_OBJECT_CONVERSION = YES_AGGRESSIVE;
				CLANG_CXX_LANGUAGE_STANDARD = "gnu++14";
				CLANG_CXX_LIBRARY = "libc++";
				CLANG_ENABLE_MODULES = YES;
				CLANG_ENABLE_OBJC_ARC = YES;
				CLANG_WARN_BLOCK_CAPTURE_AUTORELEASING = YES;
				CLANG_WARN_BOOL_CONVERSION = YES;
				CLANG_WARN_COMMA = YES;
				CLANG_WARN_CONSTANT_CONVERSION = YES;
				CLANG_WARN_DIRECT_OBJC_ISA_USAGE = YES_ERROR;
				CLANG_WARN_DOCUMENTATION_COMMENTS = YES;
				CLANG_WARN_EMPTY_BODY = YES;
				CLANG_WARN_ENUM_CONVERSION = YES;
				CLANG_WARN_INFINITE_RECURSION = YES;
				CLANG_WARN_INT_CONVERSION = YES;
				CLANG_WARN_NON_LITERAL_NULL_CONVERSION = YES;
				CLANG_WARN_OBJC_LITERAL_CONVERSION = YES;
				CLANG_WARN_OBJC_ROOT_CLASS = YES_ERROR;
				CLANG_WARN_RANGE_LOOP_ANALYSIS = YES;
				CLANG_WARN_STRICT_PROTOTYPES = YES;
				CLANG_WARN_SUSPICIOUS_MOVE = YES;
				CLANG_WARN_UNGUARDED_AVAILABILITY = YES_AGGRESSIVE;
				CLANG_WARN_UNREACHABLE_CODE = YES;
				CLANG_WARN__DUPLICATE_METHOD_MATCH = YES;
				CODE_SIGN_IDENTITY = "iPhone Developer";
				COPY_PHASE_STRIP = NO;
				DEBUG_INFORMATION_FORMAT = "dwarf-with-dsym";
				ENABLE_NS_ASSERTIONS = NO;
				ENABLE_STRICT_OBJC_MSGSEND = YES;
				GCC_C_LANGUAGE_STANDARD = gnu11;
				GCC_NO_COMMON_BLOCKS = YES;
				GCC_WARN_64_TO_32_BIT_CONVERSION = YES;
				GCC_WARN_ABOUT_RETURN_TYPE = YES_ERROR;
				GCC_WARN_UNDECLARED_SELECTOR = YES;
				GCC_WARN_UNINITIALIZED_AUTOS = YES_AGGRESSIVE;
				GCC_WARN_UNUSED_FUNCTION = YES;
				GCC_WARN_UNUSED_VARIABLE = YES;
				IPHONEOS_DEPLOYMENT_TARGET = 11.2;
				MTL_ENABLE_DEBUG_INFO = NO;
				SDKROOT = iphoneos;
				SWIFT_OPTIMIZATION_LEVEL = "-Owholemodule";
				VALIDATE_PRODUCT = YES;
			};
			name = Release;
		};
		10F54DB7214C416400D8AF7B /* Debug */ = {
			isa = XCBuildConfiguration;
			buildSettings = {
				ASSETCATALOG_COMPILER_APPICON_NAME = AppIcon;
				CODE_SIGN_STYLE = Automatic;
				INFOPLIST_FILE = HelloWorld/Info.plist;
				LD_RUNPATH_SEARCH_PATHS = "$(inherited) @executable_path/Frameworks";
				PRODUCT_BUNDLE_IDENTIFIER = bouba.HelloWorld;
				PRODUCT_NAME = "$(TARGET_NAME)";
				SWIFT_VERSION = 4.0;
				TARGETED_DEVICE_FAMILY = "1,2";
			};
			name = Debug;
		};
		10F54DB8214C416400D8AF7B /* Release */ = {
			isa = XCBuildConfiguration;
			buildSettings = {
				ASSETCATALOG_COMPILER_APPICON_NAME = AppIcon;
				CODE_SIGN_STYLE = Automatic;
				INFOPLIST_FILE = HelloWorld/Info.plist;
				LD_RUNPATH_SEARCH_PATHS = "$(inherited) @executable_path/Frameworks";
				PRODUCT_BUNDLE_IDENTIFIER = bouba.HelloWorld;
				PRODUCT_NAME = "$(TARGET_NAME)";
				SWIFT_VERSION = 4.0;
				TARGETED_DEVICE_FAMILY = "1,2";
			};
			name = Release;
		};
		10F54DBA214C416400D8AF7B /* Debug */ = {
			isa = XCBuildConfiguration;
			buildSettings = {
				ALWAYS_EMBED_SWIFT_STANDARD_LIBRARIES = YES;
				BUNDLE_LOADER = "$(TEST_HOST)";
				CODE_SIGN_STYLE = Automatic;
				INFOPLIST_FILE = HelloWorldTests/Info.plist;
				LD_RUNPATH_SEARCH_PATHS = "$(inherited) @executable_path/Frameworks @loader_path/Frameworks";
				PRODUCT_BUNDLE_IDENTIFIER = bouba.HelloWorldTests;
				PRODUCT_NAME = "$(TARGET_NAME)";
				SWIFT_VERSION = 4.0;
				TARGETED_DEVICE_FAMILY = "1,2";
				TEST_HOST = "$(BUILT_PRODUCTS_DIR)/HelloWorld.app/HelloWorld";
			};
			name = Debug;
		};
		10F54DBB214C416400D8AF7B /* Release */ = {
			isa = XCBuildConfiguration;
			buildSettings = {
				ALWAYS_EMBED_SWIFT_STANDARD_LIBRARIES = YES;
				BUNDLE_LOADER = "$(TEST_HOST)";
				CODE_SIGN_STYLE = Automatic;
				INFOPLIST_FILE = HelloWorldTests/Info.plist;
				LD_RUNPATH_SEARCH_PATHS = "$(inherited) @executable_path/Frameworks @loader_path/Frameworks";
				PRODUCT_BUNDLE_IDENTIFIER = bouba.HelloWorldTests;
				PRODUCT_NAME = "$(TARGET_NAME)";
				SWIFT_VERSION = 4.0;
				TARGETED_DEVICE_FAMILY = "1,2";
				TEST_HOST = "$(BUILT_PRODUCTS_DIR)/HelloWorld.app/HelloWorld";
			};
			name = Release;
		};
		10F54DBD214C416400D8AF7B /* Debug */ = {
			isa = XCBuildConfiguration;
			buildSettings = {
				ALWAYS_EMBED_SWIFT_STANDARD_LIBRARIES = YES;
				CODE_SIGN_STYLE = Automatic;
				INFOPLIST_FILE = HelloWorldUITests/Info.plist;
				LD_RUNPATH_SEARCH_PATHS = "$(inherited) @executable_path/Frameworks @loader_path/Frameworks";
				PRODUCT_BUNDLE_IDENTIFIER = bouba.HelloWorldUITests;
				PRODUCT_NAME = "$(TARGET_NAME)";
				SWIFT_VERSION = 4.0;
				TARGETED_DEVICE_FAMILY = "1,2";
				TEST_TARGET_NAME = HelloWorld;
			};
			name = Debug;
		};
		10F54DBE214C416400D8AF7B /* Release */ = {
			isa = XCBuildConfiguration;
			buildSettings = {
				ALWAYS_EMBED_SWIFT_STANDARD_LIBRARIES = YES;
				CODE_SIGN_STYLE = Automatic;
				INFOPLIST_FILE = HelloWorldUITests/Info.plist;
				LD_RUNPATH_SEARCH_PATHS = "$(inherited) @executable_path/Frameworks @loader_path/Frameworks";
				PRODUCT_BUNDLE_IDENTIFIER = bouba.HelloWorldUITests;
				PRODUCT_NAME = "$(TARGET_NAME)";
				SWIFT_VERSION = 4.0;
				TARGETED_DEVICE_FAMILY = "1,2";
				TEST_TARGET_NAME = HelloWorld;
			};
			name = Release;
		};
/* End XCBuildConfiguration section */

/* Begin XCConfigurationList section */
		10F54D89214C416300D8AF7B /* Build configuration list for PBXProject "HelloWorld" */ = {
			isa = XCConfigurationList;
			buildConfigurations = (
				10F54DB4214C416400D8AF7B /* Debug */,
				10F54DB5214C416400D8AF7B /* Release */,
			);
			defaultConfigurationIsVisible = 0;
			defaultConfigurationName = Release;
		};
		10F54DB6214C416400D8AF7B /* Build configuration list for PBXNativeTarget "HelloWorld" */ = {
			isa = XCConfigurationList;
			buildConfigurations = (
				10F54DB7214C416400D8AF7B /* Debug */,
				10F54DB8214C416400D8AF7B /* Release */,
			);
			defaultConfigurationIsVisible = 0;
			defaultConfigurationName = Release;
		};
		10F54DB9214C416400D8AF7B /* Build configuration list for PBXNativeTarget "HelloWorldTests" */ = {
			isa = XCConfigurationList;
			buildConfigurations = (
				10F54DBA214C416400D8AF7B /* Debug */,
				10F54DBB214C416400D8AF7B /* Release */,
			);
			defaultConfigurationIsVisible = 0;
			defaultConfigurationName = Release;
		};
		10F54DBC214C416400D8AF7B /* Build configuration list for PBXNativeTarget "HelloWorldUITests" */ = {
			isa = XCConfigurationList;
			buildConfigurations = (
				10F54DBD214C416400D8AF7B /* Debug */,
				10F54DBE214C416400D8AF7B /* Release */,
			);
			defaultConfigurationIsVisible = 0;
			defaultConfigurationName = Release;
		};
/* End XCConfigurationList section */
	};
	rootObject = 10F54D86214C416300D8AF7B /* Project object */;
}
